
Microsoft Visual Studio Solution File, Format Version 12.00
# Visual Studio Version 17
VisualStudioVersion = 17.7.34031.279
MinimumVisualStudioVersion = 10.0.40219.1
Project("{FAE04EC0-301F-11D3-BF4B-00C04F79EFBC}") = "AppMinhaLanterna.Android", "AppMinhaLanterna.Android\AppMinhaLanterna.Android.csproj", "{60C5D03C-E3A0-4C56-8C22-9F15E72B45E7}"
EndProject
Project("{FAE04EC0-301F-11D3-BF4B-00C04F79EFBC}") = "AppMinhaLanterna.iOS", "AppMinhaLanterna.iOS\AppMinhaLanterna.iOS.csproj", "{E52E9627-685A-42C4-A0D8-33DD5865E93C}"
EndProject
Project("{FAE04EC0-301F-11D3-BF4B-00C04F79EFBC}") = "AppMinhaLanterna", "AppMinhaLanterna\AppMinhaLanterna.csproj", "{9827FA44-BBFA-4B7E-8755-FED9F5C07714}"
EndProject
Global
	GlobalSection(SolutionConfigurationPlatforms) = preSolution
		Debug|Any CPU = Debug|Any CPU
		Debug|ARM = Debug|ARM
		Debug|iPhone = Debug|iPhone
		Debug|iPhoneSimulator = Debug|iPhoneSimulator
		Debug|x64 = Debug|x64
		Debug|x86 = Debug|x86
		Release|Any CPU = Release|Any CPU
		Release|ARM = Release|ARM
		Release|iPhone = Release|iPhone
		Release|iPhoneSimulator = Release|iPhoneSimulator
		Release|x64 = Release|x64
		Release|x86 = Release|x86
	EndGlobalSection
	GlobalSection(ProjectConfigurationPlatforms) = postSolution
		{60C5D03C-E3A0-4C56-8C22-9F15E72B45E7}.Debug|Any CPU.ActiveCfg = Debug|Any CPU
		{60C5D03C-E3A0-4C56-8C22-9F15E72B45E7}.Debug|Any CPU.Build.0 = Debug|Any CPU
		{60C5D03C-E3A0-4C56-8C22-9F15E72B45E7}.Debug|Any CPU.Deploy.0 = Debug|Any CPU
		{60C5D03C-E3A0-4C56-8C22-9F15E72B45E7}.Debug|ARM.ActiveCfg = Debug|Any CPU
		{60C5D03C-E3A0-4C56-8C22-9F15E72B45E7}.Debug|ARM.Build.0 = Debug|Any CPU
		{60C5D03C-E3A0-4C56-8C22-9F15E72B45E7}.Debug|ARM.Deploy.0 = Debug|Any CPU
		{60C5D03C-E3A0-4C56-8C22-9F15E72B45E7}.Debug|iPhone.ActiveCfg = Debug|Any CPU
		{60C5D03C-E3A0-4C56-8C22-9F15E72B45E7}.Debug|iPhone.Build.0 = Debug|Any CPU
		{60C5D03C-E3A0-4C56-8C22-9F15E72B45E7}.Debug|iPhone.Deploy.0 = Debug|Any CPU
		{60C5D03C-E3A0-4C56-8C22-9F15E72B45E7}.Debug|iPhoneSimulator.ActiveCfg = Debug|Any CPU
		{60C5D03C-E3A0-4C56-8C22-9F15E72B45E7}.Debug|iPhoneSimulator.Build.0 = Debug|Any CPU
		{60C5D03C-E3A0-4C56-8C22-9F15E72B45E7}.Debug|iPhoneSimulator.Deploy.0 = Debug|Any CPU
		{60C5D03C-E3A0-4C56-8C22-9F15E72B45E7}.Debug|x64.ActiveCfg = Debug|Any CPU
		{60C5D03C-E3A0-4C56-8C22-9F15E72B45E7}.Debug|x64.Build.0 = Debug|Any CPU
		{60C5D03C-E3A0-4C56-8C22-9F15E72B45E7}.Debug|x64.Deploy.0 = Debug|Any CPU
		{60C5D03C-E3A0-4C56-8C22-9F15E72B45E7}.Debug|x86.ActiveCfg = Debug|Any CPU
		{60C5D03C-E3A0-4C56-8C22-9F15E72B45E7}.Debug|x86.Build.0 = Debug|Any CPU
		{60C5D03C-E3A0-4C56-8C22-9F15E72B45E7}.Debug|x86.Deploy.0 = Debug|Any CPU
		{60C5D03C-E3A0-4C56-8C22-9F15E72B45E7}.Release|Any CPU.ActiveCfg = Release|Any CPU
		{60C5D03C-E3A0-4C56-8C22-9F15E72B45E7}.Release|Any CPU.Build.0 = Release|Any CPU
		{60C5D03C-E3A0-4C56-8C22-9F15E72B45E7}.Release|Any CPU.Deploy.0 = Release|Any CPU
		{60C5D03C-E3A0-4C56-8C22-9F15E72B45E7}.Release|ARM.ActiveCfg = Release|Any CPU
		{60C5D03C-E3A0-4C56-8C22-9F15E72B45E7}.Release|ARM.Build.0 = Release|Any CPU
		{60C5D03C-E3A0-4C56-8C22-9F15E72B45E7}.Release|ARM.Deploy.0 = Release|Any CPU
		{60C5D03C-E3A0-4C56-8C22-9F15E72B45E7}.Release|iPhone.ActiveCfg = Release|Any CPU
		{60C5D03C-E3A0-4C56-8C22-9F15E72B45E7}.Release|iPhone.Build.0 = Release|Any CPU
		{60C5D03C-E3A0-4C56-8C22-9F15E72B45E7}.Release|iPhone.Deploy.0 = Release|Any CPU
		{60C5D03C-E3A0-4C56-8C22-9F15E72B45E7}.Release|iPhoneSimulator.ActiveCfg = Release|Any CPU
		{60C5D03C-E3A0-4C56-8C22-9F15E72B45E7}.Release|iPhoneSimulator.Build.0 = Release|Any CPU
		{60C5D03C-E3A0-4C56-8C22-9F15E72B45E7}.Release|iPhoneSimulator.Deploy.0 = Release|Any CPU
		{60C5D03C-E3A0-4C56-8C22-9F15E72B45E7}.Release|x64.ActiveCfg = Release|Any CPU
		{60C5D03C-E3A0-4C56-8C22-9F15E72B45E7}.Release|x64.Build.0 = Release|Any CPU
		{60C5D03C-E3A0-4C56-8C22-9F15E72B45E7}.Release|x64.Deploy.0 = Release|Any CPU
		{60C5D03C-E3A0-4C56-8C22-9F15E72B45E7}.Release|x86.ActiveCfg = Release|Any CPU
		{60C5D03C-E3A0-4C56-8C22-9F15E72B45E7}.Release|x86.Build.0 = Release|Any CPU
		{60C5D03C-E3A0-4C56-8C22-9F15E72B45E7}.Release|x86.Deploy.0 = Release|Any CPU
		{E52E9627-685A-42C4-A0D8-33DD5865E93C}.Debug|Any CPU.ActiveCfg = Debug|iPhoneSimulator
		{E52E9627-685A-42C4-A0D8-33DD5865E93C}.Debug|Any CPU.Build.0 = Debug|iPhoneSimulator
		{E52E9627-685A-42C4-A0D8-33DD5865E93C}.Debug|Any CPU.Deploy.0 = Debug|iPhoneSimulator
		{E52E9627-685A-42C4-A0D8-33DD5865E93C}.Debug|ARM.ActiveCfg = Debug|iPhoneSimulator
		{E52E9627-685A-42C4-A0D8-33DD5865E93C}.Debug|ARM.Build.0 = Debug|iPhoneSimulator
		{E52E9627-685A-42C4-A0D8-33DD5865E93C}.Debug|ARM.Deploy.0 = Debug|iPhoneSimulator
		{E52E9627-685A-42C4-A0D8-33DD5865E93C}.Debug|iPhone.ActiveCfg = Debug|iPhone
		{E52E9627-685A-42C4-A0D8-33DD5865E93C}.Debug|iPhone.Build.0 = Debug|iPhone
		{E52E9627-685A-42C4-A0D8-33DD5865E93C}.Debug|iPhone.Deploy.0 = Debug|iPhone
		{E52E9627-685A-42C4-A0D8-33DD5865E93C}.Debug|iPhoneSimulator.ActiveCfg = Debug|iPhoneSimulator
		{E52E9627-685A-42C4-A0D8-33DD5865E93C}.Debug|iPhoneSimulator.Build.0 = Debug|iPhoneSimulator
		{E52E9627-685A-42C4-A0D8-33DD5865E93C}.Debug|iPhoneSimulator.Deploy.0 = Debug|iPhoneSimulator
		{E52E9627-685A-42C4-A0D8-33DD5865E93C}.Debug|x64.ActiveCfg = Debug|iPhone
		{E52E9627-685A-42C4-A0D8-33DD5865E93C}.Debug|x64.Build.0 = Debug|iPhone
		{E52E9627-685A-42C4-A0D8-33DD5865E93C}.Debug|x64.Deploy.0 = Debug|iPhone
		{E52E9627-685A-42C4-A0D8-33DD5865E93C}.Debug|x86.ActiveCfg = Debug|iPhoneSimulator
		{E52E9627-685A-42C4-A0D8-33DD5865E93C}.Debug|x86.Build.0 = Debug|iPhoneSimulator
		{E52E9627-685A-42C4-A0D8-33DD5865E93C}.Debug|x86.Deploy.0 = Debug|iPhoneSimulator
		{E52E9627-685A-42C4-A0D8-33DD5865E93C}.Release|Any CPU.ActiveCfg = Release|iPhoneSimulator
		{E52E9627-685A-42C4-A0D8-33DD5865E93C}.Release|Any CPU.Build.0 = Release|iPhoneSimulator
		{E52E9627-685A-42C4-A0D8-33DD5865E93C}.Release|Any CPU.Deploy.0 = Release|iPhoneSimulator
		{E52E9627-685A-42C4-A0D8-33DD5865E93C}.Release|ARM.ActiveCfg = Release|iPhoneSimulator
		{E52E9627-685A-42C4-A0D8-33DD5865E93C}.Release|ARM.Build.0 = Release|iPhoneSimulator
		{E52E9627-685A-42C4-A0D8-33DD5865E93C}.Release|ARM.Deploy.0 = Release|iPhoneSimulator
		{E52E9627-685A-42C4-A0D8-33DD5865E93C}.Release|iPhone.ActiveCfg = Release|iPhone
		{E52E9627-685A-42C4-A0D8-33DD5865E93C}.Release|iPhone.Build.0 = Release|iPhone
		{E52E9627-685A-42C4-A0D8-33DD5865E93C}.Release|iPhone.Deploy.0 = Release|iPhone
		{E52E9627-685A-42C4-A0D8-33DD5865E93C}.Release|iPhoneSimulator.ActiveCfg = Release|iPhoneSimulator
		{E52E9627-685A-42C4-A0D8-33DD5865E93C}.Release|iPhoneSimulator.Build.0 = Release|iPhoneSimulator
		{E52E9627-685A-42C4-A0D8-33DD5865E93C}.Release|iPhoneSimulator.Deploy.0 = Release|iPhoneSimulator
		{E52E9627-685A-42C4-A0D8-33DD5865E93C}.Release|x64.ActiveCfg = Release|iPhoneSimulator
		{E52E9627-685A-42C4-A0D8-33DD5865E93C}.Release|x64.Build.0 = Release|iPhoneSimulator
		{E52E9627-685A-42C4-A0D8-33DD5865E93C}.Release|x64.Deploy.0 = Release|iPhoneSimulator
		{E52E9627-685A-42C4-A0D8-33DD5865E93C}.Release|x86.ActiveCfg = Release|iPhoneSimulator
		{E52E9627-685A-42C4-A0D8-33DD5865E93C}.Release|x86.Build.0 = Release|iPhoneSimulator
		{E52E9627-685A-42C4-A0D8-33DD5865E93C}.Release|x86.Deploy.0 = Release|iPhoneSimulator
		{9827FA44-BBFA-4B7E-8755-FED9F5C07714}.Debug|Any CPU.ActiveCfg = Debug|Any CPU
		{9827FA44-BBFA-4B7E-8755-FED9F5C07714}.Debug|Any CPU.Build.0 = Debug|Any CPU
		{9827FA44-BBFA-4B7E-8755-FED9F5C07714}.Debug|Any CPU.Deploy.0 = Debug|Any CPU
		{9827FA44-BBFA-4B7E-8755-FED9F5C07714}.Debug|ARM.ActiveCfg = Debug|Any CPU
		{9827FA44-BBFA-4B7E-8755-FED9F5C07714}.Debug|ARM.Build.0 = Debug|Any CPU
		{9827FA44-BBFA-4B7E-8755-FED9F5C07714}.Debug|ARM.Deploy.0 = Debug|Any CPU
		{9827FA44-BBFA-4B7E-8755-FED9F5C07714}.Debug|iPhone.ActiveCfg = Debug|Any CPU
		{9827FA44-BBFA-4B7E-8755-FED9F5C07714}.Debug|iPhone.Build.0 = Debug|Any CPU
		{9827FA44-BBFA-4B7E-8755-FED9F5C07714}.Debug|iPhone.Deploy.0 = Debug|Any CPU
		{9827FA44-BBFA-4B7E-8755-FED9F5C07714}.Debug|iPhoneSimulator.ActiveCfg = Debug|Any CPU
		{9827FA44-BBFA-4B7E-8755-FED9F5C07714}.Debug|iPhoneSimulator.Build.0 = Debug|Any CPU
		{9827FA44-BBFA-4B7E-8755-FED9F5C07714}.Debug|iPhoneSimulator.Deploy.0 = Debug|Any CPU
		{9827FA44-BBFA-4B7E-8755-FED9F5C07714}.Debug|x64.ActiveCfg = Debug|Any CPU
		{9827FA44-BBFA-4B7E-8755-FED9F5C07714}.Debug|x64.Build.0 = Debug|Any CPU
		{9827FA44-BBFA-4B7E-8755-FED9F5C07714}.Debug|x64.Deploy.0 = Debug|Any CPU
		{9827FA44-BBFA-4B7E-8755-FED9F5C07714}.Debug|x86.ActiveCfg = Debug|Any CPU
		{9827FA44-BBFA-4B7E-8755-FED9F5C07714}.Debug|x86.Build.0 = Debug|Any CPU
		{9827FA44-BBFA-4B7E-8755-FED9F5C07714}.Debug|x86.Deploy.0 = Debug|Any CPU
		{9827FA44-BBFA-4B7E-8755-FED9F5C07714}.Release|Any CPU.ActiveCfg = Release|Any CPU
		{9827FA44-BBFA-4B7E-8755-FED9F5C07714}.Release|Any CPU.Build.0 = Release|Any CPU
		{9827FA44-BBFA-4B7E-8755-FED9F5C07714}.Release|Any CPU.Deploy.0 = Release|Any CPU
		{9827FA44-BBFA-4B7E-8755-FED9F5C07714}.Release|ARM.ActiveCfg = Release|Any CPU
		{9827FA44-BBFA-4B7E-8755-FED9F5C07714}.Release|ARM.Build.0 = Release|Any CPU
		{9827FA44-BBFA-4B7E-8755-FED9F5C07714}.Release|ARM.Deploy.0 = Release|Any CPU
		{9827FA44-BBFA-4B7E-8755-FED9F5C07714}.Release|iPhone.ActiveCfg = Release|Any CPU
		{9827FA44-BBFA-4B7E-8755-FED9F5C07714}.Release|iPhone.Build.0 = Release|Any CPU
		{9827FA44-BBFA-4B7E-8755-FED9F5C07714}.Release|iPhone.Deploy.0 = Release|Any CPU
		{9827FA44-BBFA-4B7E-8755-FED9F5C07714}.Release|iPhoneSimulator.ActiveCfg = Release|Any CPU
		{9827FA44-BBFA-4B7E-8755-FED9F5C07714}.Release|iPhoneSimulator.Build.0 = Release|Any CPU
		{9827FA44-BBFA-4B7E-8755-FED9F5C07714}.Release|iPhoneSimulator.Deploy.0 = Release|Any CPU
		{9827FA44-BBFA-4B7E-8755-FED9F5C07714}.Release|x64.ActiveCfg = Release|Any CPU
		{9827FA44-BBFA-4B7E-8755-FED9F5C07714}.Release|x64.Build.0 = Release|Any CPU
		{9827FA44-BBFA-4B7E-8755-FED9F5C07714}.Release|x64.Deploy.0 = Release|Any CPU
		{9827FA44-BBFA-4B7E-8755-FED9F5C07714}.Release|x86.ActiveCfg = Release|Any CPU
		{9827FA44-BBFA-4B7E-8755-FED9F5C07714}.Release|x86.Build.0 = Release|Any CPU
		{9827FA44-BBFA-4B7E-8755-FED9F5C07714}.Release|x86.Deploy.0 = Release|Any CPU
	EndGlobalSection
	GlobalSection(SolutionProperties) = preSolution
		HideSolutionNode = FALSE
	EndGlobalSection
	GlobalSection(ExtensibilityGlobals) = postSolution
		SolutionGuid = {5910920B-08BE-413C-89E1-D70BC6E1071B}
	EndGlobalSection
EndGlobal
